# Generated by pub
# See https://dart.dev/tools/pub/glossary#lockfile
packages:
  _discoveryapis_commons:
    dependency: transitive
    description:
      name: _discoveryapis_commons
      url: "https://pub.dartlang.org"
    source: hosted
    version: "0.2.1"
  _fe_analyzer_shared:
    dependency: transitive
    description:
      name: _fe_analyzer_shared
      url: "https://pub.dartlang.org"
    source: hosted
    version: "12.0.0"
  after_layout:
    dependency: "direct main"
    description:
      name: after_layout
      url: "https://pub.dartlang.org"
    source: hosted
    version: "1.0.7+2"
  analyzer:
    dependency: transitive
    description:
      name: analyzer
      url: "https://pub.dartlang.org"
    source: hosted
    version: "0.40.6"
  analyzer_plugin_fork:
    dependency: transitive
    description:
      name: analyzer_plugin_fork
      url: "https://pub.dartlang.org"
    source: hosted
    version: "0.3.0"
  archive:
    dependency: transitive
    description:
      name: archive
      url: "https://pub.dartlang.org"
    source: hosted
    version: "2.0.13"
  args:
    dependency: transitive
    description:
      name: args
      url: "https://pub.dartlang.org"
    source: hosted
    version: "1.6.0"
  asn1lib:
    dependency: transitive
    description:
      name: asn1lib
      url: "https://pub.dartlang.org"
    source: hosted
    version: "0.8.1"
  async:
    dependency: transitive
    description:
      name: async
      url: "https://pub.dartlang.org"
    source: hosted
    version: "2.4.2"
  autocomplete_textfield:
    dependency: "direct main"
    description:
      name: autocomplete_textfield
      url: "https://pub.dartlang.org"
    source: hosted
    version: "1.7.3"
  background_fetch:
    dependency: "direct main"
    description:
      name: background_fetch
      url: "https://pub.dartlang.org"
    source: hosted
    version: "0.6.0"
  bubble_bottom_bar:
    dependency: "direct main"
    description:
      name: bubble_bottom_bar
      url: "https://pub.dartlang.org"
    source: hosted
    version: "1.2.0"
  build:
    dependency: transitive
    description:
      name: build
      url: "https://pub.dartlang.org"
    source: hosted
    version: "1.6.2"
  build_config:
    dependency: transitive
    description:
      name: build_config
      url: "https://pub.dartlang.org"
    source: hosted
    version: "0.4.5"
  build_daemon:
    dependency: transitive
    description:
      name: build_daemon
      url: "https://pub.dartlang.org"
    source: hosted
    version: "2.1.7"
  build_resolvers:
    dependency: transitive
    description:
      name: build_resolvers
      url: "https://pub.dartlang.org"
    source: hosted
    version: "1.5.3"
  build_runner:
    dependency: "direct dev"
    description:
      name: build_runner
      url: "https://pub.dartlang.org"
    source: hosted
    version: "1.11.1"
  build_runner_core:
    dependency: transitive
    description:
      name: build_runner_core
      url: "https://pub.dartlang.org"
    source: hosted
    version: "6.1.7"
  built_collection:
    dependency: transitive
    description:
      name: built_collection
      url: "https://pub.dartlang.org"
    source: hosted
    version: "4.3.2"
  built_value:
    dependency: transitive
    description:
      name: built_value
      url: "https://pub.dartlang.org"
    source: hosted
    version: "7.1.0"
  carousel_slider:
    dependency: "direct main"
    description:
      name: carousel_slider
      url: "https://pub.dartlang.org"
    source: hosted
    version: "2.3.4"
  characters:
    dependency: transitive
    description:
      name: characters
      url: "https://pub.dartlang.org"
    source: hosted
    version: "1.1.0"
  charcode:
    dependency: transitive
    description:
      name: charcode
      url: "https://pub.dartlang.org"
    source: hosted
    version: "1.1.3"
  checked_yaml:
    dependency: transitive
    description:
      name: checked_yaml
      url: "https://pub.dartlang.org"
    source: hosted
    version: "1.0.4"
  cli_util:
    dependency: transitive
    description:
      name: cli_util
      url: "https://pub.dartlang.org"
    source: hosted
    version: "0.2.0"
  clock:
    dependency: transitive
    description:
      name: clock
      url: "https://pub.dartlang.org"
    source: hosted
    version: "1.1.0"
  cloud_functions:
    dependency: "direct main"
    description:
      name: cloud_functions
      url: "https://pub.dartlang.org"
    source: hosted
    version: "0.9.0"
  cloud_functions_platform_interface:
    dependency: transitive
    description:
      name: cloud_functions_platform_interface
      url: "https://pub.dartlang.org"
    source: hosted
    version: "4.0.1"
  cloud_functions_web:
    dependency: transitive
    description:
      name: cloud_functions_web
      url: "https://pub.dartlang.org"
    source: hosted
    version: "3.1.3"
  code_builder:
    dependency: transitive
    description:
      name: code_builder
      url: "https://pub.dartlang.org"
    source: hosted
    version: "3.6.0"
  collection:
    dependency: "direct main"
    description:
      name: collection
      url: "https://pub.dartlang.org"
    source: hosted
    version: "1.15.0"
  convert:
    dependency: "direct main"
    description:
      name: convert
      url: "https://pub.dartlang.org"
    source: hosted
    version: "2.1.1"
  crypto:
    dependency: transitive
    description:
      name: crypto
      url: "https://pub.dartlang.org"
    source: hosted
    version: "2.1.5"
  cryptography:
    dependency: transitive
    description:
      name: cryptography
      url: "https://pub.dartlang.org"
    source: hosted
    version: "1.4.1"
  cryptography_flutter:
    dependency: "direct main"
    description:
      name: cryptography_flutter
      url: "https://pub.dartlang.org"
    source: hosted
    version: "1.0.0"
  cupertino_icons:
    dependency: "direct main"
    description:
      name: cupertino_icons
      url: "https://pub.dartlang.org"
    source: hosted
    version: "1.0.0"
  dart_style:
    dependency: transitive
    description:
      name: dart_style
      url: "https://pub.dartlang.org"
    source: hosted
    version: "1.3.10"
  dartx:
    dependency: transitive
    description:
      name: dartx
      url: "https://pub.dartlang.org"
    source: hosted
    version: "0.5.0"
  date_utils:
    dependency: "direct main"
    description:
      name: date_utils
      url: "https://pub.dartlang.org"
    source: hosted
    version: "0.1.0+3"
  diacritic:
    dependency: "direct main"
    description:
      name: diacritic
      url: "https://pub.dartlang.org"
    source: hosted
    version: "0.1.1"
  email_validator:
    dependency: "direct main"
    description:
      name: email_validator
      url: "https://pub.dartlang.org"
    source: hosted
    version: "1.0.6"
  encrypt:
    dependency: "direct main"
    description:
      name: encrypt
      url: "https://pub.dartlang.org"
    source: hosted
    version: "4.1.0"
  esys_flutter_share:
    dependency: "direct main"
    description:
      name: esys_flutter_share
      url: "https://pub.dartlang.org"
    source: hosted
    version: "1.0.2"
  expandable:
    dependency: "direct main"
    description:
      name: expandable
      url: "https://pub.dartlang.org"
    source: hosted
    version: "4.1.4"
  extended_image:
    dependency: "direct overridden"
    description:
      name: extended_image
      url: "https://pub.dartlang.org"
    source: hosted
    version: "1.5.0-dev"
  extended_image_library:
    dependency: transitive
    description:
      name: extended_image_library
      url: "https://pub.dartlang.org"
    source: hosted
    version: "0.3.1"
  facebook_app_events:
    dependency: "direct main"
    description:
      name: facebook_app_events
      url: "https://pub.dartlang.org"
    source: hosted
    version: "0.8.2"
  ffi:
    dependency: transitive
    description:
      name: ffi
      url: "https://pub.dartlang.org"
    source: hosted
    version: "0.1.3"
  file:
    dependency: transitive
    description:
      name: file
      url: "https://pub.dartlang.org"
    source: hosted
    version: "5.2.1"
  firebase:
    dependency: transitive
    description:
      name: firebase
      url: "https://pub.dartlang.org"
    source: hosted
    version: "7.3.3"
  firebase_analytics:
    dependency: "direct main"
    description:
      name: firebase_analytics
      url: "https://pub.dartlang.org"
    source: hosted
    version: "7.0.1"
  firebase_analytics_platform_interface:
    dependency: transitive
    description:
      name: firebase_analytics_platform_interface
      url: "https://pub.dartlang.org"
    source: hosted
    version: "1.0.3"
  firebase_analytics_web:
    dependency: transitive
    description:
      name: firebase_analytics_web
      url: "https://pub.dartlang.org"
    source: hosted
    version: "0.1.1"
  firebase_auth:
    dependency: "direct main"
    description:
      name: firebase_auth
      url: "https://pub.dartlang.org"
    source: hosted
    version: "0.20.0"
  firebase_auth_platform_interface:
    dependency: transitive
    description:
      name: firebase_auth_platform_interface
      url: "https://pub.dartlang.org"
    source: hosted
    version: "3.1.0"
  firebase_auth_web:
    dependency: transitive
    description:
      name: firebase_auth_web
      url: "https://pub.dartlang.org"
    source: hosted
    version: "0.3.3"
  firebase_core:
    dependency: "direct main"
    description:
      name: firebase_core
      url: "https://pub.dartlang.org"
    source: hosted
    version: "0.7.0"
  firebase_core_platform_interface:
    dependency: transitive
    description:
      name: firebase_core_platform_interface
      url: "https://pub.dartlang.org"
    source: hosted
    version: "3.0.1"
  firebase_core_web:
    dependency: transitive
    description:
      name: firebase_core_web
      url: "https://pub.dartlang.org"
    source: hosted
    version: "0.2.1+3"
  firebase_crashlytics:
    dependency: "direct main"
    description:
      name: firebase_crashlytics
      url: "https://pub.dartlang.org"
    source: hosted
    version: "0.4.0"
  firebase_crashlytics_platform_interface:
    dependency: transitive
    description:
      name: firebase_crashlytics_platform_interface
      url: "https://pub.dartlang.org"
    source: hosted
    version: "1.1.6"
  firebase_messaging:
    dependency: "direct main"
    description:
      name: firebase_messaging
      url: "https://pub.dartlang.org"
    source: hosted
    version: "8.0.0-dev.13"
  firebase_messaging_platform_interface:
    dependency: transitive
    description:
      name: firebase_messaging_platform_interface
      url: "https://pub.dartlang.org"
    source: hosted
    version: "1.0.0-dev.10"
  firebase_messaging_web:
    dependency: transitive
    description:
      name: firebase_messaging_web
      url: "https://pub.dartlang.org"
    source: hosted
    version: "0.1.0-dev.6"
  firebase_ml_vision:
    dependency: "direct main"
    description:
      name: firebase_ml_vision
      url: "https://pub.dartlang.org"
    source: hosted
    version: "0.10.0"
  firebase_remote_config:
    dependency: "direct main"
    description:
      name: firebase_remote_config
      url: "https://pub.dartlang.org"
    source: hosted
    version: "0.6.0"
  fixnum:
    dependency: transitive
    description:
      name: fixnum
      url: "https://pub.dartlang.org"
    source: hosted
    version: "0.10.11"
  flare_dart:
    dependency: transitive
    description:
      name: flare_dart
      url: "https://pub.dartlang.org"
    source: hosted
    version: "2.3.4"
  flare_flutter:
    dependency: "direct main"
    description:
      name: flare_flutter
      url: "https://pub.dartlang.org"
    source: hosted
    version: "2.0.6"
  flutter:
    dependency: "direct main"
    description: flutter
    source: sdk
    version: "0.0.0"
  flutter_animator:
    dependency: "direct main"
    description:
      name: flutter_animator
      url: "https://pub.dartlang.org"
    source: hosted
    version: "2.1.0"
  flutter_branch_sdk:
    dependency: "direct main"
    description:
      name: flutter_branch_sdk
      url: "https://pub.dartlang.org"
    source: hosted
    version: "1.3.3"
  flutter_device_locale:
    dependency: "direct main"
    description:
      name: flutter_device_locale
      url: "https://pub.dartlang.org"
    source: hosted
    version: "0.4.0"
  flutter_inapp_purchase:
    dependency: "direct main"
    description:
      name: flutter_inapp_purchase
      url: "https://pub.dartlang.org"
    source: hosted
    version: "3.0.1"
  flutter_keyboard_visibility:
    dependency: "direct main"
    description:
      name: flutter_keyboard_visibility
      url: "https://pub.dartlang.org"
    source: hosted
    version: "4.0.4"
  flutter_keyboard_visibility_platform_interface:
    dependency: transitive
    description:
      name: flutter_keyboard_visibility_platform_interface
      url: "https://pub.dartlang.org"
    source: hosted
    version: "1.0.1"
  flutter_keyboard_visibility_web:
    dependency: transitive
    description:
      name: flutter_keyboard_visibility_web
      url: "https://pub.dartlang.org"
    source: hosted
    version: "1.0.1"
  flutter_local_notifications:
    dependency: "direct main"
    description:
      name: flutter_local_notifications
      url: "https://pub.dartlang.org"
    source: hosted
    version: "2.0.2"
  flutter_local_notifications_platform_interface:
    dependency: transitive
    description:
      name: flutter_local_notifications_platform_interface
      url: "https://pub.dartlang.org"
    source: hosted
    version: "2.0.0+1"
  flutter_localizations:
    dependency: "direct main"
    description: flutter
    source: sdk
    version: "0.0.0"
  flutter_page_indicator:
    dependency: transitive
    description:
      name: flutter_page_indicator
      url: "https://pub.dartlang.org"
    source: hosted
    version: "0.0.3"
  flutter_plugin_android_lifecycle:
    dependency: transitive
    description:
      name: flutter_plugin_android_lifecycle
      url: "https://pub.dartlang.org"
    source: hosted
    version: "1.0.11"
  flutter_secure_storage:
    dependency: "direct main"
    description:
      name: flutter_secure_storage
      url: "https://pub.dartlang.org"
    source: hosted
    version: "3.3.5"
  flutter_spinkit:
    dependency: "direct main"
    description:
      name: flutter_spinkit
      url: "https://pub.dartlang.org"
    source: hosted
    version: "4.1.2+1"
  flutter_staggered_grid_view:
    dependency: "direct main"
    description:
      name: flutter_staggered_grid_view
      url: "https://pub.dartlang.org"
    source: hosted
    version: "0.3.4"
  flutter_swiper:
    dependency: "direct main"
    description:
      name: flutter_swiper
      url: "https://pub.dartlang.org"
    source: hosted
    version: "1.1.6"
  flutter_vibrate:
    dependency: "direct main"
    description:
      name: flutter_vibrate
      url: "https://pub.dartlang.org"
    source: hosted
    version: "1.0.0"
  flutter_web_plugins:
    dependency: transitive
    description: flutter
    source: sdk
    version: "0.0.0"
  geocoding:
    dependency: "direct main"
    description:
      name: geocoding
      url: "https://pub.dartlang.org"
    source: hosted
    version: "1.0.5"
  geocoding_platform_interface:
    dependency: transitive
    description:
      name: geocoding_platform_interface
      url: "https://pub.dartlang.org"
    source: hosted
    version: "1.0.1+1"
  geolocator:
    dependency: "direct main"
    description:
      name: geolocator
      url: "https://pub.dartlang.org"
    source: hosted
    version: "6.2.1"
  geolocator_platform_interface:
    dependency: transitive
    description:
      name: geolocator_platform_interface
      url: "https://pub.dartlang.org"
    source: hosted
    version: "1.0.9"
  geolocator_web:
    dependency: transitive
    description:
      name: geolocator_web
      url: "https://pub.dartlang.org"
    source: hosted
    version: "1.0.1"
  get:
    dependency: "direct main"
    description:
      name: get
      url: "https://pub.dartlang.org"
    source: hosted
    version: "4.1.3"
  glob:
    dependency: transitive
    description:
      name: glob
      url: "https://pub.dartlang.org"
    source: hosted
    version: "1.2.0"
  google_maps_flutter:
    dependency: "direct main"
    description:
      name: google_maps_flutter
      url: "https://pub.dartlang.org"
    source: hosted
    version: "1.2.0"
  google_maps_flutter_platform_interface:
    dependency: transitive
    description:
      name: google_maps_flutter_platform_interface
      url: "https://pub.dartlang.org"
    source: hosted
    version: "1.2.0"
  googleapis:
    dependency: "direct dev"
    description:
      name: googleapis
      url: "https://pub.dartlang.org"
    source: hosted
    version: "0.56.1"
  googleapis_auth:
    dependency: "direct dev"
    description:
      name: googleapis_auth
      url: "https://pub.dartlang.org"
    source: hosted
    version: "0.2.12+1"
  graphs:
    dependency: transitive
    description:
      name: graphs
      url: "https://pub.dartlang.org"
    source: hosted
    version: "0.2.0"
  hive:
    dependency: "direct main"
    description:
      name: hive
      url: "https://pub.dartlang.org"
    source: hosted
    version: "1.4.4+1"
  hive_flutter:
    dependency: "direct overridden"
    description:
      path: hive_flutter
      ref: "59ad5403593283233d922f62f76832c64fa33a3b"
      resolved-ref: "59ad5403593283233d922f62f76832c64fa33a3b"
      url: "git://github.com/justkawal/hive.git"
    source: git
    version: "0.3.1"
  hive_generator:
    dependency: "direct dev"
    description:
      name: hive_generator
      url: "https://pub.dartlang.org"
    source: hosted
    version: "0.8.2"
  home_widget:
    dependency: "direct main"
    description:
      path: "."
      ref: fix-build-ios
      resolved-ref: a1f039c7eb44e78d5bf6a05df575ac2d1485cb33
      url: "git://github.com/leonardocustodio/home_widget.git"
    source: git
    version: "0.0.1+2"
  http:
    dependency: transitive
    description:
      name: http
      url: "https://pub.dartlang.org"
    source: hosted
    version: "0.12.2"
  http_client_helper:
    dependency: transitive
    description:
      name: http_client_helper
      url: "https://pub.dartlang.org"
    source: hosted
    version: "0.2.1"
  http_multi_server:
    dependency: transitive
    description:
      name: http_multi_server
      url: "https://pub.dartlang.org"
    source: hosted
    version: "2.2.0"
  http_parser:
    dependency: transitive
    description:
      name: http_parser
      url: "https://pub.dartlang.org"
    source: hosted
    version: "3.1.4"
  intl:
    dependency: "direct overridden"
    description:
      name: intl
      url: "https://pub.dartlang.org"
    source: hosted
    version: "0.17.0"
  io:
    dependency: transitive
    description:
      name: io
      url: "https://pub.dartlang.org"
    source: hosted
    version: "0.3.4"
  js:
    dependency: transitive
    description:
      name: js
      url: "https://pub.dartlang.org"
    source: hosted
    version: "0.6.3"
  json_annotation:
    dependency: transitive
    description:
      name: json_annotation
      url: "https://pub.dartlang.org"
    source: hosted
    version: "3.1.1"
  lists:
    dependency: transitive
    description:
      name: lists
      url: "https://pub.dartlang.org"
    source: hosted
    version: "0.1.6"
  local_auth:
    dependency: "direct main"
    description:
      name: local_auth
      url: "https://pub.dartlang.org"
    source: hosted
    version: "0.6.3+4"
  logging:
    dependency: transitive
    description:
      name: logging
      url: "https://pub.dartlang.org"
    source: hosted
    version: "0.11.4"
  lottie:
    dependency: "direct main"
    description:
      name: lottie
      url: "https://pub.dartlang.org"
    source: hosted
    version: "0.7.0+1"
  matcher:
    dependency: transitive
    description:
      name: matcher
      url: "https://pub.dartlang.org"
    source: hosted
    version: "0.12.9"
  meta:
    dependency: transitive
    description:
      name: meta
      url: "https://pub.dartlang.org"
    source: hosted
    version: "1.3.0"
  metadata:
    dependency: "direct main"
    description:
      name: metadata
      url: "https://pub.dartlang.org"
    source: hosted
    version: "1.0.2"
  mime:
    dependency: "direct main"
    description:
      name: mime
      url: "https://pub.dartlang.org"
    source: hosted
    version: "0.9.7"
  moor:
    dependency: "direct main"
    description:
      name: moor
      url: "https://pub.dartlang.org"
    source: hosted
    version: "3.4.0"
  moor_db_viewer:
    dependency: "direct main"
    description:
      name: moor_db_viewer
      url: "https://pub.dartlang.org"
    source: hosted
    version: "2.0.3"
  moor_ffi:
    dependency: "direct overridden"
    description:
      path: moor_ffi
      ref: "85206d"
      resolved-ref: "85206d2fd7ab74f36326b91bab109ee75919b842"
      url: "https://github.com/justkawal/moor.git"
    source: git
    version: "0.8.0"
  moor_flutter:
    dependency: transitive
    description:
      name: moor_flutter
      url: "https://pub.dartlang.org"
    source: hosted
    version: "3.1.0"
  moor_generator:
    dependency: "direct dev"
    description:
      name: moor_generator
      url: "https://pub.dartlang.org"
    source: hosted
    version: "3.4.1"
  nested:
    dependency: transitive
    description:
      name: nested
      url: "https://pub.dartlang.org"
    source: hosted
    version: "0.0.4"
  node_interop:
    dependency: transitive
    description:
      name: node_interop
      url: "https://pub.dartlang.org"
    source: hosted
    version: "1.2.1"
  node_io:
    dependency: transitive
    description:
      name: node_io
      url: "https://pub.dartlang.org"
    source: hosted
    version: "1.2.0"
  notification_permissions:
    dependency: "direct main"
    description:
      name: notification_permissions
      url: "https://pub.dartlang.org"
    source: hosted
    version: "0.4.8"
  outline_gradient_button:
    dependency: "direct main"
    description:
      name: outline_gradient_button
      url: "https://pub.dartlang.org"
    source: hosted
    version: "1.0.0+2"
  package_config:
    dependency: transitive
    description:
      name: package_config
      url: "https://pub.dartlang.org"
    source: hosted
    version: "1.9.3"
  package_info:
    dependency: "direct main"
    description:
      name: package_info
      url: "https://pub.dartlang.org"
    source: hosted
    version: "0.4.3+4"
  path:
    dependency: "direct main"
    description:
      name: path
      url: "https://pub.dartlang.org"
    source: hosted
    version: "1.8.0"
  path_provider:
    dependency: "direct main"
    description:
      name: path_provider
      url: "https://pub.dartlang.org"
    source: hosted
    version: "1.6.27"
  path_provider_linux:
    dependency: transitive
    description:
      name: path_provider_linux
      url: "https://pub.dartlang.org"
    source: hosted
    version: "0.0.1+2"
  path_provider_macos:
    dependency: transitive
    description:
      name: path_provider_macos
      url: "https://pub.dartlang.org"
    source: hosted
    version: "0.0.4+8"
  path_provider_platform_interface:
    dependency: transitive
    description:
      name: path_provider_platform_interface
      url: "https://pub.dartlang.org"
    source: hosted
    version: "1.0.4"
  path_provider_windows:
    dependency: transitive
    description:
      name: path_provider_windows
      url: "https://pub.dartlang.org"
    source: hosted
    version: "0.0.4+3"
  pedantic:
    dependency: transitive
    description:
      name: pedantic
      url: "https://pub.dartlang.org"
    source: hosted
    version: "1.9.2"
  petitparser:
    dependency: transitive
    description:
      name: petitparser
      url: "https://pub.dartlang.org"
    source: hosted
    version: "3.1.0"
  photo_manager:
    dependency: "direct main"
    description:
      name: photo_manager
      url: "https://pub.dartlang.org"
    source: hosted
    version: "0.6.0"
  photo_view:
    dependency: "direct main"
    description:
      name: photo_view
      url: "https://pub.dartlang.org"
    source: hosted
    version: "0.10.3"
  platform:
    dependency: transitive
    description:
      name: platform
      url: "https://pub.dartlang.org"
    source: hosted
    version: "2.2.1"
  platform_alert_dialog:
    dependency: "direct main"
    description:
      name: platform_alert_dialog
      url: "https://pub.dartlang.org"
    source: hosted
    version: "1.0.0+2"
  plugin_platform_interface:
    dependency: transitive
    description:
      name: plugin_platform_interface
      url: "https://pub.dartlang.org"
    source: hosted
    version: "1.0.3"
  pointycastle:
    dependency: transitive
    description:
      name: pointycastle
      url: "https://pub.dartlang.org"
    source: hosted
    version: "2.0.1"
  pool:
    dependency: transitive
    description:
      name: pool
      url: "https://pub.dartlang.org"
    source: hosted
    version: "1.4.0"
  process:
    dependency: transitive
    description:
      name: process
      url: "https://pub.dartlang.org"
    source: hosted
    version: "3.0.13"
  provider:
    dependency: transitive
    description:
      name: provider
      url: "https://pub.dartlang.org"
    source: hosted
    version: "4.3.3"
  pub_semver:
    dependency: transitive
    description:
      name: pub_semver
      url: "https://pub.dartlang.org"
    source: hosted
    version: "1.4.4"
  pubspec_parse:
    dependency: transitive
    description:
      name: pubspec_parse
      url: "https://pub.dartlang.org"
    source: hosted
    version: "0.1.8"
  purchases_flutter:
    dependency: "direct main"
    description:
      name: purchases_flutter
      url: "https://pub.dartlang.org"
    source: hosted
    version: "2.0.3"
  quiver:
    dependency: transitive
    description:
      name: quiver
      url: "https://pub.dartlang.org"
    source: hosted
    version: "2.1.5"
  rate_my_app:
    dependency: "direct main"
    description:
      name: rate_my_app
      url: "https://pub.dartlang.org"
    source: hosted
    version: "0.7.2"
  recase:
    dependency: transitive
    description:
      name: recase
      url: "https://pub.dartlang.org"
    source: hosted
    version: "3.0.1"
  sa_v1_migration:
    dependency: transitive
    description:
      name: sa_v1_migration
      url: "https://pub.dartlang.org"
    source: hosted
    version: "1.1.2"
  service_worker:
    dependency: transitive
    description:
      name: service_worker
      url: "https://pub.dartlang.org"
    source: hosted
    version: "0.2.4"
  share:
    dependency: "direct main"
    description:
      name: share
      url: "https://pub.dartlang.org"
    source: hosted
    version: "0.6.5+4"
  share_extend:
    dependency: "direct main"
    description:
      name: share_extend
      url: "https://pub.dartlang.org"
    source: hosted
    version: "1.1.9"
  shared_preferences:
    dependency: transitive
    description:
      name: shared_preferences
      url: "https://pub.dartlang.org"
    source: hosted
    version: "0.5.12+4"
  shared_preferences_linux:
    dependency: transitive
    description:
      name: shared_preferences_linux
      url: "https://pub.dartlang.org"
    source: hosted
    version: "0.0.2+4"
  shared_preferences_macos:
    dependency: transitive
    description:
      name: shared_preferences_macos
      url: "https://pub.dartlang.org"
    source: hosted
    version: "0.0.1+11"
  shared_preferences_platform_interface:
    dependency: transitive
    description:
      name: shared_preferences_platform_interface
      url: "https://pub.dartlang.org"
    source: hosted
    version: "1.0.4"
  shared_preferences_web:
    dependency: transitive
    description:
      name: shared_preferences_web
      url: "https://pub.dartlang.org"
    source: hosted
    version: "0.1.2+7"
  shared_preferences_windows:
    dependency: transitive
    description:
      name: shared_preferences_windows
      url: "https://pub.dartlang.org"
    source: hosted
    version: "0.0.2+3"
  shelf:
    dependency: transitive
    description:
      name: shelf
      url: "https://pub.dartlang.org"
    source: hosted
    version: "0.7.9"
  shelf_web_socket:
    dependency: transitive
    description:
      name: shelf_web_socket
      url: "https://pub.dartlang.org"
    source: hosted
    version: "0.2.4+1"
  showcaseview:
    dependency: "direct main"
    description:
      name: showcaseview
      url: "https://pub.dartlang.org"
    source: hosted
    version: "0.1.6"
  simple_animations:
    dependency: "direct main"
    description:
      name: simple_animations
      url: "https://pub.dartlang.org"
    source: hosted
    version: "2.5.1"
  sky_engine:
    dependency: transitive
    description: flutter
    source: sdk
    version: "0.0.99"
  sliver_tools:
    dependency: "direct main"
    description:
      name: sliver_tools
      url: "https://pub.dartlang.org"
    source: hosted
    version: "0.1.10+1"
  smooth_star_rating:
    dependency: transitive
    description:
      name: smooth_star_rating
      url: "https://pub.dartlang.org"
    source: hosted
    version: "1.1.1"
  source_gen:
    dependency: transitive
    description:
      name: source_gen
      url: "https://pub.dartlang.org"
    source: hosted
    version: "0.9.10+2"
  source_span:
    dependency: transitive
    description:
      name: source_span
      url: "https://pub.dartlang.org"
    source: hosted
    version: "1.7.0"
  sqflite:
    dependency: "direct overridden"
    description:
      path: sqflite
      ref: bb2b0a
      resolved-ref: bb2b0a7c95e3679e323c32d54722ad3f639147d8
      url: "https://www.github.com/justkawal/sqflite_sqlcipher.git"
    source: git
    version: "1.3.0+1"
  sqflite_common:
    dependency: transitive
    description:
      name: sqflite_common
      url: "https://pub.dartlang.org"
    source: hosted
    version: "1.0.3+1"
  sqlite3:
    dependency: transitive
    description:
      name: sqlite3
      url: "https://pub.dartlang.org"
    source: hosted
    version: "0.1.8"
  sqlite3_flutter_libs:
    dependency: transitive
    description:
      name: sqlite3_flutter_libs
      url: "https://pub.dartlang.org"
    source: hosted
    version: "0.2.0"
  sqlparser:
    dependency: transitive
    description:
      name: sqlparser
      url: "https://pub.dartlang.org"
    source: hosted
    version: "0.11.0"
  stack_trace:
    dependency: transitive
    description:
      name: stack_trace
      url: "https://pub.dartlang.org"
    source: hosted
    version: "1.9.6"
  stream_channel:
    dependency: transitive
    description:
      name: stream_channel
      url: "https://pub.dartlang.org"
    source: hosted
    version: "2.0.0"
  stream_transform:
    dependency: transitive
    description:
      name: stream_transform
      url: "https://pub.dartlang.org"
    source: hosted
    version: "1.2.0"
  string_scanner:
    dependency: transitive
    description:
      name: string_scanner
      url: "https://pub.dartlang.org"
    source: hosted
    version: "1.0.5"
  strings:
    dependency: "direct dev"
    description:
      name: strings
      url: "https://pub.dartlang.org"
    source: hosted
    version: "0.1.4"
  supercharged:
    dependency: transitive
    description:
      name: supercharged
      url: "https://pub.dartlang.org"
    source: hosted
    version: "1.12.0"
  supercharged_dart:
    dependency: transitive
    description:
      name: supercharged_dart
      url: "https://pub.dartlang.org"
    source: hosted
    version: "1.4.0"
  synchronized:
    dependency: transitive
    description:
      name: synchronized
      url: "https://pub.dartlang.org"
    source: hosted
    version: "2.2.0+2"
  term_glyph:
    dependency: transitive
    description:
      name: term_glyph
      url: "https://pub.dartlang.org"
    source: hosted
    version: "1.1.0"
  time:
    dependency: transitive
    description:
      name: time
      url: "https://pub.dartlang.org"
    source: hosted
    version: "1.4.0"
  timezone:
    dependency: transitive
    description:
      name: timezone
      url: "https://pub.dartlang.org"
    source: hosted
    version: "0.5.9"
  timing:
    dependency: transitive
    description:
      name: timing
      url: "https://pub.dartlang.org"
    source: hosted
    version: "0.1.1+3"
  transformer_page_view:
    dependency: transitive
    description:
      name: transformer_page_view
      url: "https://pub.dartlang.org"
    source: hosted
    version: "0.1.6"
  typed_data:
    dependency: transitive
    description:
      name: typed_data
      url: "https://pub.dartlang.org"
    source: hosted
    version: "1.3.0"
  unicode:
    dependency: transitive
    description:
      name: unicode
      url: "https://pub.dartlang.org"
    source: hosted
    version: "0.2.4"
  url_launcher:
    dependency: "direct main"
    description:
      name: url_launcher
      url: "https://pub.dartlang.org"
    source: hosted
    version: "5.7.10"
  url_launcher_linux:
    dependency: transitive
    description:
      name: url_launcher_linux
      url: "https://pub.dartlang.org"
    source: hosted
    version: "0.0.1+4"
  url_launcher_macos:
    dependency: transitive
    description:
      name: url_launcher_macos
      url: "https://pub.dartlang.org"
    source: hosted
    version: "0.0.1+9"
  url_launcher_platform_interface:
    dependency: transitive
    description:
      name: url_launcher_platform_interface
      url: "https://pub.dartlang.org"
    source: hosted
    version: "1.0.9"
  url_launcher_web:
    dependency: transitive
    description:
      name: url_launcher_web
      url: "https://pub.dartlang.org"
    source: hosted
    version: "0.1.5+3"
  url_launcher_windows:
    dependency: transitive
    description:
      name: url_launcher_windows
      url: "https://pub.dartlang.org"
    source: hosted
    version: "0.0.1+3"
  utility:
    dependency: transitive
    description:
      name: utility
      url: "https://pub.dartlang.org"
    source: hosted
    version: "1.0.1"
  uuid:
    dependency: "direct main"
    description:
      name: uuid
      url: "https://pub.dartlang.org"
    source: hosted
    version: "2.2.2"
  vector_math:
    dependency: transitive
    description:
      name: vector_math
      url: "https://pub.dartlang.org"
    source: hosted
    version: "2.1.0"
  watcher:
    dependency: transitive
    description:
      name: watcher
      url: "https://pub.dartlang.org"
    source: hosted
    version: "0.9.7+15"
  web_socket_channel:
    dependency: transitive
    description:
      name: web_socket_channel
      url: "https://pub.dartlang.org"
    source: hosted
    version: "1.2.0"
  win32:
    dependency: transitive
    description:
      name: win32
      url: "https://pub.dartlang.org"
    source: hosted
    version: "1.7.4+1"
  xdg_directories:
    dependency: transitive
    description:
      name: xdg_directories
      url: "https://pub.dartlang.org"
    source: hosted
    version: "0.1.2"
  xml:
    dependency: transitive
    description:
      name: xml
      url: "https://pub.dartlang.org"
    source: hosted
    version: "4.5.1"
  xmp:
    dependency: transitive
    description:
      name: xmp
      url: "https://pub.dartlang.org"
    source: hosted
    version: "1.0.2"
  yaml:
    dependency: transitive
    description:
      name: yaml
      url: "https://pub.dartlang.org"
    source: hosted
    version: "2.2.1"
sdks:
  dart: ">=2.12.0 <3.0.0"
  flutter: ">=1.22.0"
