PODS:
  - background_fetch (1.5.0):
    - Flutter
    - TSBackgroundFetch (~> 4.0)
  - cloud_functions (6.0.5):
    - Firebase/Functions (= 12.6.0)
    - firebase_core
    - Flutter
  - devicelocale (0.0.1):
    - Flutter
  - Firebase/Auth (12.6.0):
    - Firebase/CoreOnly
    - FirebaseAuth (~> 12.6.0)
  - Firebase/CoreOnly (12.6.0):
    - FirebaseCore (~> 12.6.0)
  - Firebase/Crashlytics (12.6.0):
    - Firebase/CoreOnly
    - FirebaseCrashlytics (~> 12.6.0)
  - Firebase/Functions (12.6.0):
    - Firebase/CoreOnly
    - FirebaseFunctions (~> 12.6.0)
  - Firebase/Messaging (12.6.0):
    - Firebase/CoreOnly
    - FirebaseMessaging (~> 12.6.0)
  - Firebase/RemoteConfig (12.6.0):
    - Firebase/CoreOnly
    - FirebaseRemoteConfig (~> 12.6.0)
  - firebase_analytics (12.1.0):
    - firebase_core
    - FirebaseAnalytics (= 12.6.0)
    - Flutter
  - firebase_auth (6.1.3):
    - Firebase/Auth (= 12.6.0)
    - firebase_core
    - Flutter
  - firebase_core (4.3.0):
    - Firebase/CoreOnly (= 12.6.0)
    - Flutter
  - firebase_crashlytics (5.0.6):
    - Firebase/Crashlytics (= 12.6.0)
    - firebase_core
    - Flutter
  - firebase_messaging (16.1.0):
    - Firebase/Messaging (= 12.6.0)
    - firebase_core
    - Flutter
  - firebase_remote_config (6.1.3):
    - Firebase/RemoteConfig (= 12.6.0)
    - firebase_core
    - Flutter
  - FirebaseABTesting (12.6.0):
    - FirebaseCore (~> 12.6.0)
  - FirebaseAnalytics (12.6.0):
    - FirebaseAnalytics/Default (= 12.6.0)
    - FirebaseCore (~> 12.6.0)
    - FirebaseInstallations (~> 12.6.0)
    - GoogleUtilities/AppDelegateSwizzler (~> 8.1)
    - GoogleUtilities/MethodSwizzler (~> 8.1)
    - GoogleUtilities/Network (~> 8.1)
    - "GoogleUtilities/NSData+zlib (~> 8.1)"
    - nanopb (~> 3.30910.0)
  - FirebaseAnalytics/Default (12.6.0):
    - FirebaseCore (~> 12.6.0)
    - FirebaseInstallations (~> 12.6.0)
    - GoogleAppMeasurement/Default (= 12.6.0)
    - GoogleUtilities/AppDelegateSwizzler (~> 8.1)
    - GoogleUtilities/MethodSwizzler (~> 8.1)
    - GoogleUtilities/Network (~> 8.1)
    - "GoogleUtilities/NSData+zlib (~> 8.1)"
    - nanopb (~> 3.30910.0)
  - FirebaseAppCheckInterop (12.6.0)
  - FirebaseAuth (12.6.0):
    - FirebaseAppCheckInterop (~> 12.6.0)
    - FirebaseAuthInterop (~> 12.6.0)
    - FirebaseCore (~> 12.6.0)
    - FirebaseCoreExtension (~> 12.6.0)
    - GoogleUtilities/AppDelegateSwizzler (~> 8.1)
    - GoogleUtilities/Environment (~> 8.1)
    - GTMSessionFetcher/Core (< 6.0, >= 3.4)
    - RecaptchaInterop (~> 101.0)
  - FirebaseAuthInterop (12.6.0)
  - FirebaseCore (12.6.0):
    - FirebaseCoreInternal (~> 12.6.0)
    - GoogleUtilities/Environment (~> 8.1)
    - GoogleUtilities/Logger (~> 8.1)
  - FirebaseCoreExtension (12.6.0):
    - FirebaseCore (~> 12.6.0)
  - FirebaseCoreInternal (12.6.0):
    - "GoogleUtilities/NSData+zlib (~> 8.1)"
  - FirebaseCrashlytics (12.6.0):
    - FirebaseCore (~> 12.6.0)
    - FirebaseInstallations (~> 12.6.0)
    - FirebaseRemoteConfigInterop (~> 12.6.0)
    - FirebaseSessions (~> 12.6.0)
    - GoogleDataTransport (~> 10.1)
    - GoogleUtilities/Environment (~> 8.1)
    - nanopb (~> 3.30910.0)
    - PromisesObjC (~> 2.4)
  - FirebaseFunctions (12.6.0):
    - FirebaseAppCheckInterop (~> 12.6.0)
    - FirebaseAuthInterop (~> 12.6.0)
    - FirebaseCore (~> 12.6.0)
    - FirebaseCoreExtension (~> 12.6.0)
    - FirebaseMessagingInterop (~> 12.6.0)
    - FirebaseSharedSwift (~> 12.6.0)
    - GTMSessionFetcher/Core (< 6.0, >= 3.4)
  - FirebaseInstallations (12.6.0):
    - FirebaseCore (~> 12.6.0)
    - GoogleUtilities/Environment (~> 8.1)
    - GoogleUtilities/UserDefaults (~> 8.1)
    - PromisesObjC (~> 2.4)
  - FirebaseMessaging (12.6.0):
    - FirebaseCore (~> 12.6.0)
    - FirebaseInstallations (~> 12.6.0)
    - GoogleDataTransport (~> 10.1)
    - GoogleUtilities/AppDelegateSwizzler (~> 8.1)
    - GoogleUtilities/Environment (~> 8.1)
    - GoogleUtilities/Reachability (~> 8.1)
    - GoogleUtilities/UserDefaults (~> 8.1)
    - nanopb (~> 3.30910.0)
  - FirebaseMessagingInterop (12.6.0)
  - FirebaseRemoteConfig (12.6.0):
    - FirebaseABTesting (~> 12.6.0)
    - FirebaseCore (~> 12.6.0)
    - FirebaseInstallations (~> 12.6.0)
    - FirebaseRemoteConfigInterop (~> 12.6.0)
    - FirebaseSharedSwift (~> 12.6.0)
    - GoogleUtilities/Environment (~> 8.1)
    - "GoogleUtilities/NSData+zlib (~> 8.1)"
  - FirebaseRemoteConfigInterop (12.6.0)
  - FirebaseSessions (12.6.0):
    - FirebaseCore (~> 12.6.0)
    - FirebaseCoreExtension (~> 12.6.0)
    - FirebaseInstallations (~> 12.6.0)
    - GoogleDataTransport (~> 10.1)
    - GoogleUtilities/Environment (~> 8.1)
    - GoogleUtilities/UserDefaults (~> 8.1)
    - nanopb (~> 3.30910.0)
    - PromisesSwift (~> 2.1)
  - FirebaseSharedSwift (12.6.0)
  - Flutter (1.0.0)
  - flutter_keyboard_visibility (0.0.1):
    - Flutter
  - flutter_local_notifications (0.0.1):
    - Flutter
  - flutter_localization (0.0.1):
    - Flutter
  - flutter_secure_storage_darwin (10.0.0):
    - Flutter
    - FlutterMacOS
  - geocoding_ios (1.0.5):
    - Flutter
  - geolocator_apple (1.2.0):
    - Flutter
    - FlutterMacOS
  - Google-Maps-iOS-Utils (6.1.0):
    - GoogleMaps (~> 9.0)
  - google_maps_flutter_ios (0.0.1):
    - Flutter
    - Google-Maps-iOS-Utils (< 7.0, >= 5.0)
    - GoogleMaps (< 11.0, >= 8.4)
  - GoogleAdsOnDeviceConversion (3.2.0):
    - GoogleUtilities/Environment (~> 8.1)
    - GoogleUtilities/Logger (~> 8.1)
    - GoogleUtilities/Network (~> 8.1)
    - nanopb (~> 3.30910.0)
  - GoogleAppMeasurement/Core (12.6.0):
    - GoogleUtilities/AppDelegateSwizzler (~> 8.1)
    - GoogleUtilities/MethodSwizzler (~> 8.1)
    - GoogleUtilities/Network (~> 8.1)
    - "GoogleUtilities/NSData+zlib (~> 8.1)"
    - nanopb (~> 3.30910.0)
  - GoogleAppMeasurement/Default (12.6.0):
    - GoogleAdsOnDeviceConversion (~> 3.2.0)
    - GoogleAppMeasurement/Core (= 12.6.0)
    - GoogleAppMeasurement/IdentitySupport (= 12.6.0)
    - GoogleUtilities/AppDelegateSwizzler (~> 8.1)
    - GoogleUtilities/MethodSwizzler (~> 8.1)
    - GoogleUtilities/Network (~> 8.1)
    - "GoogleUtilities/NSData+zlib (~> 8.1)"
    - nanopb (~> 3.30910.0)
  - GoogleAppMeasurement/IdentitySupport (12.6.0):
    - GoogleAppMeasurement/Core (= 12.6.0)
    - GoogleUtilities/AppDelegateSwizzler (~> 8.1)
    - GoogleUtilities/MethodSwizzler (~> 8.1)
    - GoogleUtilities/Network (~> 8.1)
    - "GoogleUtilities/NSData+zlib (~> 8.1)"
    - nanopb (~> 3.30910.0)
  - GoogleDataTransport (10.1.0):
    - nanopb (~> 3.30910.0)
    - PromisesObjC (~> 2.4)
  - GoogleMaps (9.4.0):
    - GoogleMaps/Maps (= 9.4.0)
  - GoogleMaps/Maps (9.4.0)
  - GoogleUtilities/AppDelegateSwizzler (8.1.0):
    - GoogleUtilities/Environment
    - GoogleUtilities/Logger
    - GoogleUtilities/Network
    - GoogleUtilities/Privacy
  - GoogleUtilities/Environment (8.1.0):
    - GoogleUtilities/Privacy
  - GoogleUtilities/Logger (8.1.0):
    - GoogleUtilities/Environment
    - GoogleUtilities/Privacy
  - GoogleUtilities/MethodSwizzler (8.1.0):
    - GoogleUtilities/Logger
    - GoogleUtilities/Privacy
  - GoogleUtilities/Network (8.1.0):
    - GoogleUtilities/Logger
    - "GoogleUtilities/NSData+zlib"
    - GoogleUtilities/Privacy
    - GoogleUtilities/Reachability
  - "GoogleUtilities/NSData+zlib (8.1.0)":
    - GoogleUtilities/Privacy
  - GoogleUtilities/Privacy (8.1.0)
  - GoogleUtilities/Reachability (8.1.0):
    - GoogleUtilities/Logger
    - GoogleUtilities/Privacy
  - GoogleUtilities/UserDefaults (8.1.0):
    - GoogleUtilities/Logger
    - GoogleUtilities/Privacy
  - GTMSessionFetcher/Core (5.0.0)
  - home_widget (0.0.1):
    - Flutter
  - local_auth_darwin (0.0.1):
    - Flutter
    - FlutterMacOS
  - nanopb (3.30910.0):
    - nanopb/decode (= 3.30910.0)
    - nanopb/encode (= 3.30910.0)
  - nanopb/decode (3.30910.0)
  - nanopb/encode (3.30910.0)
  - package_info_plus (0.4.5):
    - Flutter
  - path_provider_foundation (0.0.1):
    - Flutter
    - FlutterMacOS
  - photo_manager (3.8.3):
    - Flutter
    - FlutterMacOS
  - PromisesObjC (2.4.0)
  - PromisesSwift (2.4.0):
    - PromisesObjC (= 2.4.0)
  - rate_my_app (2.3.2):
    - Flutter
    - FlutterMacOS
  - RecaptchaInterop (101.0.0)
  - share_plus (0.0.1):
    - Flutter
  - shared_preferences_foundation (0.0.1):
    - Flutter
    - FlutterMacOS
  - sqlite3 (3.51.1):
    - sqlite3/common (= 3.51.1)
  - sqlite3/common (3.51.1)
  - sqlite3/dbstatvtab (3.51.1):
    - sqlite3/common
  - sqlite3/fts5 (3.51.1):
    - sqlite3/common
  - sqlite3/math (3.51.1):
    - sqlite3/common
  - sqlite3/perf-threadsafe (3.51.1):
    - sqlite3/common
  - sqlite3/rtree (3.51.1):
    - sqlite3/common
  - sqlite3/session (3.51.1):
    - sqlite3/common
  - sqlite3_flutter_libs (0.0.1):
    - Flutter
    - FlutterMacOS
    - sqlite3 (~> 3.51.1)
    - sqlite3/dbstatvtab
    - sqlite3/fts5
    - sqlite3/math
    - sqlite3/perf-threadsafe
    - sqlite3/rtree
    - sqlite3/session
  - TSBackgroundFetch (4.0.5)
  - url_launcher_ios (0.0.1):
    - Flutter

DEPENDENCIES:
  - background_fetch (from `.symlinks/plugins/background_fetch/ios`)
  - cloud_functions (from `.symlinks/plugins/cloud_functions/ios`)
  - devicelocale (from `.symlinks/plugins/devicelocale/ios`)
  - firebase_analytics (from `.symlinks/plugins/firebase_analytics/ios`)
  - firebase_auth (from `.symlinks/plugins/firebase_auth/ios`)
  - firebase_core (from `.symlinks/plugins/firebase_core/ios`)
  - firebase_crashlytics (from `.symlinks/plugins/firebase_crashlytics/ios`)
  - firebase_messaging (from `.symlinks/plugins/firebase_messaging/ios`)
  - firebase_remote_config (from `.symlinks/plugins/firebase_remote_config/ios`)
  - Flutter (from `Flutter`)
  - flutter_keyboard_visibility (from `.symlinks/plugins/flutter_keyboard_visibility/ios`)
  - flutter_local_notifications (from `.symlinks/plugins/flutter_local_notifications/ios`)
  - flutter_localization (from `.symlinks/plugins/flutter_localization/ios`)
  - flutter_secure_storage_darwin (from `.symlinks/plugins/flutter_secure_storage_darwin/darwin`)
  - geocoding_ios (from `.symlinks/plugins/geocoding_ios/ios`)
  - geolocator_apple (from `.symlinks/plugins/geolocator_apple/darwin`)
  - google_maps_flutter_ios (from `.symlinks/plugins/google_maps_flutter_ios/ios`)
  - home_widget (from `.symlinks/plugins/home_widget/ios`)
  - local_auth_darwin (from `.symlinks/plugins/local_auth_darwin/darwin`)
  - package_info_plus (from `.symlinks/plugins/package_info_plus/ios`)
  - path_provider_foundation (from `.symlinks/plugins/path_provider_foundation/darwin`)
  - photo_manager (from `.symlinks/plugins/photo_manager/darwin`)
  - rate_my_app (from `.symlinks/plugins/rate_my_app/darwin`)
  - share_plus (from `.symlinks/plugins/share_plus/ios`)
  - shared_preferences_foundation (from `.symlinks/plugins/shared_preferences_foundation/darwin`)
  - sqlite3_flutter_libs (from `.symlinks/plugins/sqlite3_flutter_libs/darwin`)
  - url_launcher_ios (from `.symlinks/plugins/url_launcher_ios/ios`)

SPEC REPOS:
  trunk:
    - Firebase
    - FirebaseABTesting
    - FirebaseAnalytics
    - FirebaseAppCheckInterop
    - FirebaseAuth
    - FirebaseAuthInterop
    - FirebaseCore
    - FirebaseCoreExtension
    - FirebaseCoreInternal
    - FirebaseCrashlytics
    - FirebaseFunctions
    - FirebaseInstallations
    - FirebaseMessaging
    - FirebaseMessagingInterop
    - FirebaseRemoteConfig
    - FirebaseRemoteConfigInterop
    - FirebaseSessions
    - FirebaseSharedSwift
    - Google-Maps-iOS-Utils
    - GoogleAdsOnDeviceConversion
    - GoogleAppMeasurement
    - GoogleDataTransport
    - GoogleMaps
    - GoogleUtilities
    - GTMSessionFetcher
    - nanopb
    - PromisesObjC
    - PromisesSwift
    - RecaptchaInterop
    - sqlite3
    - TSBackgroundFetch

EXTERNAL SOURCES:
  background_fetch:
    :path: ".symlinks/plugins/background_fetch/ios"
  cloud_functions:
    :path: ".symlinks/plugins/cloud_functions/ios"
  devicelocale:
    :path: ".symlinks/plugins/devicelocale/ios"
  firebase_analytics:
    :path: ".symlinks/plugins/firebase_analytics/ios"
  firebase_auth:
    :path: ".symlinks/plugins/firebase_auth/ios"
  firebase_core:
    :path: ".symlinks/plugins/firebase_core/ios"
  firebase_crashlytics:
    :path: ".symlinks/plugins/firebase_crashlytics/ios"
  firebase_messaging:
    :path: ".symlinks/plugins/firebase_messaging/ios"
  firebase_remote_config:
    :path: ".symlinks/plugins/firebase_remote_config/ios"
  Flutter:
    :path: Flutter
  flutter_keyboard_visibility:
    :path: ".symlinks/plugins/flutter_keyboard_visibility/ios"
  flutter_local_notifications:
    :path: ".symlinks/plugins/flutter_local_notifications/ios"
  flutter_localization:
    :path: ".symlinks/plugins/flutter_localization/ios"
  flutter_secure_storage_darwin:
    :path: ".symlinks/plugins/flutter_secure_storage_darwin/darwin"
  geocoding_ios:
    :path: ".symlinks/plugins/geocoding_ios/ios"
  geolocator_apple:
    :path: ".symlinks/plugins/geolocator_apple/darwin"
  google_maps_flutter_ios:
    :path: ".symlinks/plugins/google_maps_flutter_ios/ios"
  home_widget:
    :path: ".symlinks/plugins/home_widget/ios"
  local_auth_darwin:
    :path: ".symlinks/plugins/local_auth_darwin/darwin"
  package_info_plus:
    :path: ".symlinks/plugins/package_info_plus/ios"
  path_provider_foundation:
    :path: ".symlinks/plugins/path_provider_foundation/darwin"
  photo_manager:
    :path: ".symlinks/plugins/photo_manager/darwin"
  rate_my_app:
    :path: ".symlinks/plugins/rate_my_app/darwin"
  share_plus:
    :path: ".symlinks/plugins/share_plus/ios"
  shared_preferences_foundation:
    :path: ".symlinks/plugins/shared_preferences_foundation/darwin"
  sqlite3_flutter_libs:
    :path: ".symlinks/plugins/sqlite3_flutter_libs/darwin"
  url_launcher_ios:
    :path: ".symlinks/plugins/url_launcher_ios/ios"

SPEC CHECKSUMS:
  background_fetch: 7457cb2c7be3086b37d87207866f30bed2f9fb58
  cloud_functions: 8d86e6aa7e6171502bd72b28c46134f75c2e96f1
  devicelocale: bd64aa714485a8afdaded0892c1e7d5b7f680cf8
  Firebase: a451a7b61536298fd5cbfe3a746fd40443a50679
  firebase_analytics: 4f9cca09e65f6c2944a862c6dc86f6bed9fb769c
  firebase_auth: f547a06ed4933a1da2b9ac8d8c64ae09d113c8e1
  firebase_core: ba00a168e719694f38960502ceb560285603d073
  firebase_crashlytics: 13f4b77e9ce2a84b1f8ea07f293db5b6213ce1cf
  firebase_messaging: bf0e29321927edc02a563c984dbfa5b063864b15
  firebase_remote_config: 4315c34bfba52eb501b69cfa84d519f340385a37
  FirebaseABTesting: 119f0a2b2e68b1ae05d248c5adb2455f148f20c1
  FirebaseAnalytics: d0a97a0db6425e5a5d966340b87f92ca7b13a557
  FirebaseAppCheckInterop: e2178171b4145013c7c1a3cc464d1d446d3a1896
  FirebaseAuth: 613c463cb43545a7fd2cd99ade09b78ac472c544
  FirebaseAuthInterop: db06756ef028006d034b6004dc0c37c24f7828d4
  FirebaseCore: 0e38ad5d62d980a47a64b8e9301ffa311457be04
  FirebaseCoreExtension: 032fd6f8509e591fda8cb76f6651f20d926b121f
  FirebaseCoreInternal: 69bf1306a05b8ac43004f6cc1f804bb7b05b229e
  FirebaseCrashlytics: 3d6248c50726ee7832aef0e53cb84c9e64d9fa7e
  FirebaseFunctions: c049fe05d03045fdd2b1ecd014c1345a841fc601
  FirebaseInstallations: 631b38da2e11a83daa4bfb482f79d286a5dfa7ad
  FirebaseMessaging: a61bc42dcab3f7a346d94bbb54dab2c9435b18b2
  FirebaseMessagingInterop: b18f87820d64e2fffe8e00a9d5f5c2efd430b554
  FirebaseRemoteConfig: c5dfe22828a7ae7673d16224ea92743687e993df
  FirebaseRemoteConfigInterop: 3443b8cb8fffd76bb3e03b2a84bfd3db952fcda4
  FirebaseSessions: 2e8f808347e665dff3e5843f275715f07045297d
  FirebaseSharedSwift: 79f27fff0addd15c3de19b87fba426f3cc2c964f
  Flutter: cabc95a1d2626b1b06e7179b784ebcf0c0cde467
  flutter_keyboard_visibility: 4625131e43015dbbe759d9b20daaf77e0e3f6619
  flutter_local_notifications: a5a732f069baa862e728d839dd2ebb904737effb
  flutter_localization: 72299fb6cb4e51cae587bd953ed0b958040b71e6
  flutter_secure_storage_darwin: acdb3f316ed05a3e68f856e0353b133eec373a23
  geocoding_ios: 33776c9ebb98d037b5e025bb0e7537f6dd19646e
  geolocator_apple: ab36aa0e8b7d7a2d7639b3b4e48308394e8cef5e
  Google-Maps-iOS-Utils: 0a484b05ed21d88c9f9ebbacb007956edd508a96
  google_maps_flutter_ios: 3213e1e5f5588b6134935cb8fc59acb4e6d88377
  GoogleAdsOnDeviceConversion: d68c69dd9581a0f5da02617b6f377e5be483970f
  GoogleAppMeasurement: 3bf40aff49a601af5da1c3345702fcb4991d35ee
  GoogleDataTransport: aae35b7ea0c09004c3797d53c8c41f66f219d6a7
  GoogleMaps: 0608099d4870cac8754bdba9b6953db543432438
  GoogleUtilities: 00c88b9a86066ef77f0da2fab05f65d7768ed8e1
  GTMSessionFetcher: 02d6e866e90bc236f48a703a041dfe43e6221a29
  home_widget: 54b4f6b36ed8d64cfee594a476225c35c3e45091
  local_auth_darwin: c3ee6cce0a8d56be34c8ccb66ba31f7f180aaebb
  nanopb: fad817b59e0457d11a5dfbde799381cd727c1275
  package_info_plus: af8e2ca6888548050f16fa2f1938db7b5a5df499
  path_provider_foundation: bb55f6dbba17d0dccd6737fe6f7f34fbd0376880
  photo_manager: fe4cbb0808b96f8be4af7ce6ae18dcd9c9b983c6
  PromisesObjC: f5707f49cb48b9636751c5b2e7d227e43fba9f47
  PromisesSwift: 9d77319bbe72ebf6d872900551f7eeba9bce2851
  rate_my_app: cbb89973f870601f80f7bad63aba107260cabc5b
  RecaptchaInterop: 11e0b637842dfb48308d242afc3f448062325aba
  share_plus: 50da8cb520a8f0f65671c6c6a99b3617ed10a58a
  shared_preferences_foundation: 7036424c3d8ec98dfe75ff1667cb0cd531ec82bb
  sqlite3: 8d708bc63e9f4ce48f0ad9d6269e478c5ced1d9b
  sqlite3_flutter_libs: d13b8b3003f18f596e542bcb9482d105577eff41
  TSBackgroundFetch: e91020924db32f27d0a43df7dec6f73f10743571
  url_launcher_ios: 7a95fa5b60cc718a708b8f2966718e93db0cef1b

PODFILE CHECKSUM: 1e7709a272db34c4c34af1319b33a81745c7dbad

COCOAPODS: 1.16.2
